{
  "lockfileVersion": 1,
  "configVersion": 1,
  "workspaces": {
    "": {
      "name": "agent-server",
      "dependencies": {
        "@ai-sdk/openai-compatible": "^3.0.20",
        "ai": "^7.0.48",
        "async-mutex": "^0.5.0",
        "elysia": "latest",
        "execa": "^10.0.1",
        "fdir": "^6.5.0",
        "http-errors": "^2.0.1",
        "nanoid": "latest",
        "write-file-atomic": "^6.0.0",
      },
    },
  },
  "packages": {
    "@ai-sdk/gateway": ["@ai-sdk/gateway@4.0.37", "https://registry.npmmirror.com/@ai-sdk/gateway/-/gateway-4.0.37.tgz", { "dependencies": { "@ai-sdk/provider": "4.0.4", "@ai-sdk/provider-utils": "5.0.18", "@vercel/oidc": "3.2.0" }, "peerDependencies": { "zod": "^3.25.76 || ^4.1.8" } }, "sha512-YBCTsSlX0ETVsjo0ihfBOeJ3p3y1wXKXDzF9Ygp9dscUY06dzOGmyWJSGsKg+khKVArzBWUW4UCSAKms20ZDmg=="],

    "@ai-sdk/openai-compatible": ["@ai-sdk/openai-compatible@3.0.20", "https://registry.npmmirror.com/@ai-sdk/openai-compatible/-/openai-compatible-3.0.20.tgz", { "dependencies": { "@ai-sdk/provider": "4.0.4", "@ai-sdk/provider-utils": "5.0.18" }, "peerDependencies": { "zod": "^3.25.76 || ^4.1.8" } }, "sha512-RsPg+HilsKc/d+jy4zItG7v7RJQm+caUu+iU0a5bx3eyyX5tkayMGDRklXMMMAPa4l34luzQwT3t4cmeHfdiWw=="],

    "@ai-sdk/provider": ["@ai-sdk/provider@4.0.4", "https://registry.npmmirror.com/@ai-sdk/provider/-/provider-4.0.4.tgz", { "dependencies": { "json-schema": "^0.4.0" } }, "sha512-tbHKNLirllUNF3ZlkCsXnwab2ZV1Sl4b1H/Cp9ruCce15IBmskE8Gwkk0yo9xDWY+jho2of7lVXtwSsyrq7cwQ=="],

    "@ai-sdk/provider-utils": ["@ai-sdk/provider-utils@5.0.18", "https://registry.npmmirror.com/@ai-sdk/provider-utils/-/provider-utils-5.0.18.tgz", { "dependencies": { "@ai-sdk/provider": "4.0.4", "@standard-schema/spec": "^1.1.0", "@workflow/serde": "4.1.0", "eventsource-parser": "^3.0.8", "undici": "^7.28.0" }, "peerDependencies": { "zod": "^3.25.76 || ^4.1.8" } }, "sha512-UBNCrkxS5llgN2/RXLBRkjCFTIuL6YB1Goq5c+yRecnznhtX4XPjTwLHz2hrsTltTVZ0rqVegtnwFXdPBkjDHA=="],

    "@borewit/text-codec": ["@borewit/text-codec@0.2.2", "https://registry.npmmirror.com/@borewit/text-codec/-/text-codec-0.2.2.tgz", {}, "sha512-DDaRehssg1aNrH4+2hnj1B7vnUGEjU6OIlyRdkMd0aUdIUvKXrJfXsy8LVtXAy7DRvYVluWbMspsRhz2lcW0mQ=="],

    "@sec-ant/readable-stream": ["@sec-ant/readable-stream@0.4.1", "https://registry.npmmirror.com/@sec-ant/readable-stream/-/readable-stream-0.4.1.tgz", {}, "sha512-831qok9r2t8AlxLko40y2ebgSDhenenCatLVeW/uBtnHPyhHOvG0C7TvfgecV+wHzIm5KUICgzmVpWS+IMEAeg=="],

    "@sinclair/typebox": ["@sinclair/typebox@0.34.52", "https://registry.npmmirror.com/@sinclair/typebox/-/typebox-0.34.52.tgz", {}, "sha512-XiMQh7qqVlxZzcVD+kkGMNGMzcTrDMLWI7S4x7z1MkCkbDPrekpZXEUK0eZqZFMuHQg2a2DZOcDIh9o5v3Gonw=="],

    "@sindresorhus/merge-streams": ["@sindresorhus/merge-streams@4.0.0", "https://registry.npmmirror.com/@sindresorhus/merge-streams/-/merge-streams-4.0.0.tgz", {}, "sha512-tlqY9xq5ukxTUZBmoOp+m61cqwQD5pHJtFY3Mn8CA8ps6yghLH/Hw8UPdqg4OLmFW3IFlcXnQNmo/dh8HzXYIQ=="],

    "@standard-schema/spec": ["@standard-schema/spec@1.1.0", "https://registry.npmmirror.com/@standard-schema/spec/-/spec-1.1.0.tgz", {}, "sha512-l2aFy5jALhniG5HgqrD6jXLi/rUWrKvqN/qJx6yoJsgKhblVd+iqqU4RCXavm/jPityDo5TCvKMnpjKnOriy0w=="],

    "@tokenizer/inflate": ["@tokenizer/inflate@0.4.1", "https://registry.npmmirror.com/@tokenizer/inflate/-/inflate-0.4.1.tgz", { "dependencies": { "debug": "^4.4.3", "token-types": "^6.1.1" } }, "sha512-2mAv+8pkG6GIZiF1kNg1jAjh27IDxEPKwdGul3snfztFerfPGI1LjDezZp3i7BElXompqEtPmoPx6c2wgtWsOA=="],

    "@tokenizer/token": ["@tokenizer/token@0.3.0", "https://registry.npmmirror.com/@tokenizer/token/-/token-0.3.0.tgz", {}, "sha512-OvjF+z51L3ov0OyAU0duzsYuvO01PH7x4t6DJx+guahgTnBHkhJdG7soQeTSFLWN3efnHyibZ4Z8l2EuWwJN3A=="],

    "@vercel/oidc": ["@vercel/oidc@3.2.0", "https://registry.npmmirror.com/@vercel/oidc/-/oidc-3.2.0.tgz", {}, "sha512-UycprH3T6n3jH0k44NHMa7pnFHGu/N05MjojYr+Mc6I7obkoLIJujSWwin1pCvdy/eOxrI/l3uDLQsmcrOb4ug=="],

    "@workflow/serde": ["@workflow/serde@4.1.0", "https://registry.npmmirror.com/@workflow/serde/-/serde-4.1.0.tgz", {}, "sha512-pav4F2BoirECWR7Nf1TKt+2eETcBj7jj4cBefQ8VXQCA6NPkaKeLfj/zMgi+3zYV5ZIBT4GuUiphsj0/b9hPQQ=="],

    "ai": ["ai@7.0.48", "https://registry.npmmirror.com/ai/-/ai-7.0.48.tgz", { "dependencies": { "@ai-sdk/gateway": "4.0.37", "@ai-sdk/provider": "4.0.4", "@ai-sdk/provider-utils": "5.0.18" }, "peerDependencies": { "zod": "^3.25.76 || ^4.1.8" } }, "sha512-QmqshWFEDdkFFqSgdJ4cogaoDIYaedqbv73q/NXEYNkSIocJCzXnGFVyM9lrtAGTSBfm+5hq3/292ooXJ1jDSw=="],

    "async-mutex": ["async-mutex@0.5.0", "https://registry.npmmirror.com/async-mutex/-/async-mutex-0.5.0.tgz", { "dependencies": { "tslib": "^2.4.0" } }, "sha512-1A94B18jkJ3DYq284ohPxoXbfTA5HsQ7/Mf4DEhcyLx3Bz27Rh59iScbB6EPiP+B+joue6YCxcMXSbFC1tZKwA=="],

    "cookie": ["cookie@1.1.1", "https://registry.npmmirror.com/cookie/-/cookie-1.1.1.tgz", {}, "sha512-ei8Aos7ja0weRpFzJnEA9UHJ/7XQmqglbRwnf2ATjcB9Wq874VKH9kfjjirM6UhU2/E5fFYadylyhFldcqSidQ=="],

    "debug": ["debug@4.4.3", "https://registry.npmmirror.com/debug/-/debug-4.4.3.tgz", { "dependencies": { "ms": "^2.1.3" }, "peerDependencies": { "supports-color": "*" }, "optionalPeers": ["supports-color"] }, "sha512-RGwwWnwQvkVfavKVt22FGLw+xYSdzARwm0ru6DhTVA3umU5hZc28V3kO4stgYryrTlLpuvgI9GiijltAjNbcqA=="],

    "depd": ["depd@2.0.0", "https://registry.npmmirror.com/depd/-/depd-2.0.0.tgz", {}, "sha512-g7nH6P6dyDioJogAAGprGpCtVImJhpPk/roCzdb3fIh61/s/nPsfR6onyMwkCAR/OlC3yBC0lESvUoQEAssIrw=="],

    "elysia": ["elysia@1.4.29", "https://registry.npmmirror.com/elysia/-/elysia-1.4.29.tgz", { "dependencies": { "cookie": "^1.1.1", "exact-mirror": "^0.2.7", "fast-decode-uri-component": "^1.0.1", "memoirist": "^0.4.0" }, "peerDependencies": { "@sinclair/typebox": ">= 0.34.0 < 1", "@types/bun": ">= 1.2.0", "file-type": ">= 20.0.0", "openapi-types": ">= 12.0.0", "typescript": ">= 5.0.0" }, "optionalPeers": ["@types/bun", "typescript"] }, "sha512-GwMRGGwSdjfPt+w3LA0fqTuYJtS8uVRJicvoar98/HrO5qdFKDc9CwjIb6Kja+v39lkY+58hr2JvdR9jQzlUuA=="],

    "eventsource-parser": ["eventsource-parser@3.1.0", "https://registry.npmmirror.com/eventsource-parser/-/eventsource-parser-3.1.0.tgz", {}, "sha512-kJezFj9YFAMLeORyi7aCLxLbD5/qWMQnoMVlVPyHIll7lgRJCc3JVln9Vgl9nwQi0YkMnhdGTMNn7CkRRAptMg=="],

    "exact-mirror": ["exact-mirror@0.2.7", "https://registry.npmmirror.com/exact-mirror/-/exact-mirror-0.2.7.tgz", { "peerDependencies": { "@sinclair/typebox": "^0.34.15" }, "optionalPeers": ["@sinclair/typebox"] }, "sha512-+MeEmDcLA4o/vjK2zujgk+1VTxPR4hdp23qLqkWfStbECtAq9gmsvQa3LW6z/0GXZyHJobrCnmy1cdeE7BjsYg=="],

    "execa": ["execa@10.0.1", "https://registry.npmmirror.com/execa/-/execa-10.0.1.tgz", { "dependencies": { "@sindresorhus/merge-streams": "^4.0.0", "figures": "^6.1.0", "get-stream": "^9.0.1", "human-signals": "^8.0.1", "is-plain-obj": "^4.1.0", "is-stream": "^4.0.1", "npm-run-path": "^6.0.0", "pretty-ms": "^9.3.0", "signal-exit": "^4.1.0", "strip-final-newline": "^4.0.0", "which-command": "^0.1.0", "yoctocolors": "^2.1.2" } }, "sha512-ge98qjkRK4IB7tL7Ju/6qmm5LHoH1eEMt5FNZrz3f4UIYhF28lggX20z3FaX1sgc67msLEn0N0BscOs29iuwyw=="],

    "fast-decode-uri-component": ["fast-decode-uri-component@1.0.1", "https://registry.npmmirror.com/fast-decode-uri-component/-/fast-decode-uri-component-1.0.1.tgz", {}, "sha512-WKgKWg5eUxvRZGwW8FvfbaH7AXSh2cL+3j5fMGzUMCxWBJ3dV3a7Wz8y2f/uQ0e3B6WmodD3oS54jTQ9HVTIIg=="],

    "fdir": ["fdir@6.5.0", "https://registry.npmmirror.com/fdir/-/fdir-6.5.0.tgz", { "peerDependencies": { "picomatch": "^3 || ^4" }, "optionalPeers": ["picomatch"] }, "sha512-tIbYtZbucOs0BRGqPJkshJUYdL+SDH7dVM8gjy+ERp3WAUjLEFJE+02kanyHtwjWOnwrKYBiwAmM0p4kLJAnXg=="],

    "figures": ["figures@6.1.0", "https://registry.npmmirror.com/figures/-/figures-6.1.0.tgz", { "dependencies": { "is-unicode-supported": "^2.0.0" } }, "sha512-d+l3qxjSesT4V7v2fh+QnmFnUWv9lSpjarhShNTgBOfA0ttejbQUAlHLitbjkoRiDulW0OPoQPYIGhIC8ohejg=="],

    "file-type": ["file-type@22.0.1", "https://registry.npmmirror.com/file-type/-/file-type-22.0.1.tgz", { "dependencies": { "@tokenizer/inflate": "^0.4.1", "strtok3": "^10.3.5", "token-types": "^6.1.2", "uint8array-extras": "^1.5.0" } }, "sha512-ww5Mhre0EE+jmBvOXTmXAbEMuZE7uX4a3+oRCQFNj8w++g3ev913N6tXQz0XTXbueQ5TWQfm6BdaViEHHn8bhA=="],

    "get-stream": ["get-stream@9.0.1", "https://registry.npmmirror.com/get-stream/-/get-stream-9.0.1.tgz", { "dependencies": { "@sec-ant/readable-stream": "^0.4.1", "is-stream": "^4.0.1" } }, "sha512-kVCxPF3vQM/N0B1PmoqVUqgHP+EeVjmZSQn+1oCRPxd2P21P2F19lIgbR3HBosbB1PUhOAoctJnfEn2GbN2eZA=="],

    "http-errors": ["http-errors@2.0.1", "https://registry.npmmirror.com/http-errors/-/http-errors-2.0.1.tgz", { "dependencies": { "depd": "~2.0.0", "inherits": "~2.0.4", "setprototypeof": "~1.2.0", "statuses": "~2.0.2", "toidentifier": "~1.0.1" } }, "sha512-4FbRdAX+bSdmo4AUFuS0WNiPz8NgFt+r8ThgNWmlrjQjt1Q7ZR9+zTlce2859x4KSXrwIsaeTqDoKQmtP8pLmQ=="],

    "human-signals": ["human-signals@8.0.1", "https://registry.npmmirror.com/human-signals/-/human-signals-8.0.1.tgz", {}, "sha512-eKCa6bwnJhvxj14kZk5NCPc6Hb6BdsU9DZcOnmQKSnO1VKrfV0zCvtttPZUsBvjmNDn8rpcJfpwSYnHBjc95MQ=="],

    "ieee754": ["ieee754@1.2.1", "https://registry.npmmirror.com/ieee754/-/ieee754-1.2.1.tgz", {}, "sha512-dcyqhDvX1C46lXZcVqCpK+FtMRQVdIMN6/Df5js2zouUsqG7I6sFxitIC+7KYK29KdXOLHdu9zL4sFnoVQnqaA=="],

    "imurmurhash": ["imurmurhash@0.1.4", "https://registry.npmmirror.com/imurmurhash/-/imurmurhash-0.1.4.tgz", {}, "sha512-JmXMZ6wuvDmLiHEml9ykzqO6lwFbof0GG4IkcGaENdCRDDmMVnny7s5HsIgHCbaq0w2MyPhDqkhTUgS2LU2PHA=="],

    "inherits": ["inherits@2.0.4", "https://registry.npmmirror.com/inherits/-/inherits-2.0.4.tgz", {}, "sha512-k/vGaX4/Yla3WzyMCvTQOXYeIHvqOKtnqBduzTHpzpQZzAskKMhZ2K+EnBiSM9zGSoIFeMpXKxa4dYeZIQqewQ=="],

    "is-plain-obj": ["is-plain-obj@4.1.0", "https://registry.npmmirror.com/is-plain-obj/-/is-plain-obj-4.1.0.tgz", {}, "sha512-+Pgi+vMuUNkJyExiMBt5IlFoMyKnr5zhJ4Uspz58WOhBF5QoIZkFyNHIbBAtHwzVAgk5RtndVNsDRN61/mmDqg=="],

    "is-stream": ["is-stream@4.0.1", "https://registry.npmmirror.com/is-stream/-/is-stream-4.0.1.tgz", {}, "sha512-Dnz92NInDqYckGEUJv689RbRiTSEHCQ7wOVeALbkOz999YpqT46yMRIGtSNl2iCL1waAZSx40+h59NV/EwzV/A=="],

    "is-unicode-supported": ["is-unicode-supported@2.1.0", "https://registry.npmmirror.com/is-unicode-supported/-/is-unicode-supported-2.1.0.tgz", {}, "sha512-mE00Gnza5EEB3Ds0HfMyllZzbBrmLOX3vfWoj9A9PEnTfratQ/BcaJOuMhnkhjXvb2+FkY3VuHqtAGpTPmglFQ=="],

    "json-schema": ["json-schema@0.4.0", "https://registry.npmmirror.com/json-schema/-/json-schema-0.4.0.tgz", {}, "sha512-es94M3nTIfsEPisRafak+HDLfHXnKBhV3vU5eqPcS3flIWqcxJWgXHXiey3YrpaNsanY5ei1VoYEbOzijuq9BA=="],

    "memoirist": ["memoirist@0.4.0", "https://registry.npmmirror.com/memoirist/-/memoirist-0.4.0.tgz", {}, "sha512-zxTgA0mSYELa66DimuNQDvyLq36AwDlTuVRbnQtB+VuTcKWm5Qc4z3WkSpgsFWHNhexqkIooqpv4hdcqrX5Nmg=="],

    "ms": ["ms@2.1.3", "https://registry.npmmirror.com/ms/-/ms-2.1.3.tgz", {}, "sha512-6FlzubTLZG3J2a/NVCAleEhjzq5oxgHyaCU9yYXvcLsvoVaHJq/s5xXI6/XXP6tz7R9xAOtHnSO/tXtF3WRTlA=="],

    "nanoid": ["nanoid@6.0.0", "https://registry.npmmirror.com/nanoid/-/nanoid-6.0.0.tgz", { "bin": { "nanoid": "bin/nanoid.js" } }, "sha512-mkUH+rPkwU2qPadJ0oJZOjeZ5Mxn8Q1UhevwkTRWNuUZzyia3h4rhzK39hxaHTk0o2OxB8W2SQ6A8k23ZDi1pQ=="],

    "npm-run-path": ["npm-run-path@6.0.0", "https://registry.npmmirror.com/npm-run-path/-/npm-run-path-6.0.0.tgz", { "dependencies": { "path-key": "^4.0.0", "unicorn-magic": "^0.3.0" } }, "sha512-9qny7Z9DsQU8Ou39ERsPU4OZQlSTP47ShQzuKZ6PRXpYLtIFgl/DEBYEXKlvcEa+9tHVcK8CF81Y2V72qaZhWA=="],

    "openapi-types": ["openapi-types@12.1.3", "https://registry.npmmirror.com/openapi-types/-/openapi-types-12.1.3.tgz", {}, "sha512-N4YtSYJqghVu4iek2ZUvcN/0aqH1kRDuNqzcycDxhOUpg7GdvLa2F3DgS6yBNhInhv2r/6I0Flkn7CqL8+nIcw=="],

    "parse-ms": ["parse-ms@4.0.0", "https://registry.npmmirror.com/parse-ms/-/parse-ms-4.0.0.tgz", {}, "sha512-TXfryirbmq34y8QBwgqCVLi+8oA3oWx2eAnSn62ITyEhEYaWRlVZ2DvMM9eZbMs/RfxPu/PK/aBLyGj4IrqMHw=="],

    "path-key": ["path-key@4.0.0", "https://registry.npmmirror.com/path-key/-/path-key-4.0.0.tgz", {}, "sha512-haREypq7xkM7ErfgIyA0z+Bj4AGKlMSdlQE2jvJo6huWD1EdkKYV+G/T4nq0YEF2vgTT8kqMFKo1uHn950r4SQ=="],

    "pretty-ms": ["pretty-ms@9.3.0", "https://registry.npmmirror.com/pretty-ms/-/pretty-ms-9.3.0.tgz", { "dependencies": { "parse-ms": "^4.0.0" } }, "sha512-gjVS5hOP+M3wMm5nmNOucbIrqudzs9v/57bWRHQWLYklXqoXKrVfYW2W9+glfGsqtPgpiz5WwyEEB+ksXIx3gQ=="],

    "setprototypeof": ["setprototypeof@1.2.0", "https://registry.npmmirror.com/setprototypeof/-/setprototypeof-1.2.0.tgz", {}, "sha512-E5LDX7Wrp85Kil5bhZv46j8jOeboKq5JMmYM3gVGdGH8xFpPWXUMsNrlODCrkoxMEeNi/XZIwuRvY4XNwYMJpw=="],

    "signal-exit": ["signal-exit@4.1.0", "https://registry.npmmirror.com/signal-exit/-/signal-exit-4.1.0.tgz", {}, "sha512-bzyZ1e88w9O1iNJbKnOlvYTrWPDl46O1bG0D3XInv+9tkPrxrN8jUUTiFlDkkmKWgn1M6CfIA13SuGqOa9Korw=="],

    "statuses": ["statuses@2.0.2", "https://registry.npmmirror.com/statuses/-/statuses-2.0.2.tgz", {}, "sha512-DvEy55V3DB7uknRo+4iOGT5fP1slR8wQohVdknigZPMpMstaKJQWhwiYBACJE3Ul2pTnATihhBYnRhZQHGBiRw=="],

    "strip-final-newline": ["strip-final-newline@4.0.0", "https://registry.npmmirror.com/strip-final-newline/-/strip-final-newline-4.0.0.tgz", {}, "sha512-aulFJcD6YK8V1G7iRB5tigAP4TsHBZZrOV8pjV++zdUwmeV8uzbY7yn6h9MswN62adStNZFuCIx4haBnRuMDaw=="],

    "strtok3": ["strtok3@10.3.5", "https://registry.npmmirror.com/strtok3/-/strtok3-10.3.5.tgz", { "dependencies": { "@tokenizer/token": "^0.3.0" } }, "sha512-ki4hZQfh5rX0QDLLkOCj+h+CVNkqmp/CMf8v8kZpkNVK6jGQooMytqzLZYUVYIZcFZ6yDB70EfD8POcFXiF5oA=="],

    "toidentifier": ["toidentifier@1.0.1", "https://registry.npmmirror.com/toidentifier/-/toidentifier-1.0.1.tgz", {}, "sha512-o5sSPKEkg/DIQNmH43V0/uerLrpzVedkUh8tGNvaeXpfpuwjKenlSox/2O/BTlZUtEe+JG7s5YhEz608PlAHRA=="],

    "token-types": ["token-types@6.1.2", "https://registry.npmmirror.com/token-types/-/token-types-6.1.2.tgz", { "dependencies": { "@borewit/text-codec": "^0.2.1", "@tokenizer/token": "^0.3.0", "ieee754": "^1.2.1" } }, "sha512-dRXchy+C0IgK8WPC6xvCHFRIWYUbqqdEIKPaKo/AcTUNzwLTK6AH7RjdLWsEZcAN/TBdtfUw3PYEgPr5VPr6ww=="],

    "tslib": ["tslib@2.8.1", "https://registry.npmmirror.com/tslib/-/tslib-2.8.1.tgz", {}, "sha512-oJFu94HQb+KVduSUQL7wnpmqnfmLsOA/nAh6b6EH0wCEoK0/mPeXU6c3wKDV83MkOuHPRHtSXKKU99IBazS/2w=="],

    "uint8array-extras": ["uint8array-extras@1.5.0", "https://registry.npmmirror.com/uint8array-extras/-/uint8array-extras-1.5.0.tgz", {}, "sha512-rvKSBiC5zqCCiDZ9kAOszZcDvdAHwwIKJG33Ykj43OKcWsnmcBRL09YTU4nOeHZ8Y2a7l1MgTd08SBe9A8Qj6A=="],

    "undici": ["undici@7.29.0", "https://registry.npmmirror.com/undici/-/undici-7.29.0.tgz", {}, "sha512-IDxfleLmmbSskfWSUATiN1nfn2rDuvnMOqb5CWR92iIfojA0Ud+ulOAAEQ57LPr9rWmsreUyf5lwyao+7GNNVw=="],

    "unicorn-magic": ["unicorn-magic@0.3.0", "https://registry.npmmirror.com/unicorn-magic/-/unicorn-magic-0.3.0.tgz", {}, "sha512-+QBBXBCvifc56fsbuxZQ6Sic3wqqc3WWaqxs58gvJrcOuN83HGTCwz3oS5phzU9LthRNE9VrJCFCLUgHeeFnfA=="],

    "which-command": ["which-command@0.1.0", "https://registry.npmmirror.com/which-command/-/which-command-0.1.0.tgz", { "bin": { "which-command": "cli.js" } }, "sha512-XZyoF5/5hZtXitIwzrU4NKK+Wtbb9aB9CezUEw2Q0wlYK8NUYQxC1rRXgNueYLtBAJwXIb+/tFVk4dozciNJMA=="],

    "write-file-atomic": ["write-file-atomic@6.0.0", "https://registry.npmmirror.com/write-file-atomic/-/write-file-atomic-6.0.0.tgz", { "dependencies": { "imurmurhash": "^0.1.4", "signal-exit": "^4.0.1" } }, "sha512-GmqrO8WJ1NuzJ2DrziEI2o57jKAVIQNf8a18W3nCYU3H7PNWqCCVTeH6/NQE93CIllIgQS98rrmVkYgTX9fFJQ=="],

    "yoctocolors": ["yoctocolors@2.2.0", "https://registry.npmmirror.com/yoctocolors/-/yoctocolors-2.2.0.tgz", {}, "sha512-xYqdZFUK/VYazNl/oCDYN+3WloWQwMfZxBoiNt6qNyk+xfOdi598muWE42rNZFp1kNOiqW936q5RhUdnpqElSg=="],

    "zod": ["zod@4.4.3", "https://registry.npmmirror.com/zod/-/zod-4.4.3.tgz", {}, "sha512-ytENFjIJFl2UwYglde2jchW2Hwm4GJFLDiSXWdTrJQBIN9Fcyp7n4DhxJEiWNAJMV1/BqWfW/kkg71UDcHJyTQ=="],
  }
}
